
Microsoft Visual Studio Solution File, Format Version 12.00
# Visual Studio Version 16
VisualStudioVersion = 16.0.31624.102
MinimumVisualStudioVersion = 10.0.40219.1
Project("{FAE04EC0-301F-11D3-BF4B-00C04F79EFBC}") = "CDRBIP", "CDRBIP\CDRBIP.csproj", "{893F67D2-A391-47B1-8ED4-4AC34BBDBB57}"
EndProject
Global
	GlobalSection(SolutionConfigurationPlatforms) = preSolution
		Debug|Any CPU = Debug|Any CPU
		Release|Any CPU = Release|Any CPU
	EndGlobalSection
	GlobalSection(ProjectConfigurationPlatforms) = postSolution
		{893F67D2-A391-47B1-8ED4-4AC34BBDBB57}.Debug|Any CPU.ActiveCfg = Debug|Any CPU
		{893F67D2-A391-47B1-8ED4-4AC34BBDBB57}.Debug|Any CPU.Build.0 = Debug|Any CPU
		{893F67D2-A391-47B1-8ED4-4AC34BBDBB57}.Release|Any CPU.ActiveCfg = Release|Any CPU
		{893F67D2-A391-47B1-8ED4-4AC34BBDBB57}.Release|Any CPU.Build.0 = Release|Any CPU
	EndGlobalSection
	GlobalSection(SolutionProperties) = preSolution
		HideSolutionNode = FALSE
	EndGlobalSection
	GlobalSection(ExtensibilityGlobals) = postSolution
		SolutionGuid = {D544F7B9-03EE-458B-8EEA-EF990D053285}
	EndGlobalSection
EndGlobal
